
Microsoft Visual Studio Solution File, Format Version 12.00
# Visual Studio Version 16
VisualStudioVersion = 16.0.32228.343
MinimumVisualStudioVersion = 10.0.40219.1
Project("{FAE04EC0-301F-11D3-BF4B-00C04F79EFBC}") = "PickACardUI_new", "PickACardUI_new\PickACardUI_new.csproj", "{62BE9875-B2CD-42B2-9044-CE1F80874DA2}"
EndProject
Global
	GlobalSection(SolutionConfigurationPlatforms) = preSolution
		Debug|Any CPU = Debug|Any CPU
		Release|Any CPU = Release|Any CPU
	EndGlobalSection
	GlobalSection(ProjectConfigurationPlatforms) = postSolution
		{62BE9875-B2CD-42B2-9044-CE1F80874DA2}.Debug|Any CPU.ActiveCfg = Debug|Any CPU
		{62BE9875-B2CD-42B2-9044-CE1F80874DA2}.Debug|Any CPU.Build.0 = Debug|Any CPU
		{62BE9875-B2CD-42B2-9044-CE1F80874DA2}.Release|Any CPU.ActiveCfg = Release|Any CPU
		{62BE9875-B2CD-42B2-9044-CE1F80874DA2}.Release|Any CPU.Build.0 = Release|Any CPU
	EndGlobalSection
	GlobalSection(SolutionProperties) = preSolution
		HideSolutionNode = FALSE
	EndGlobalSection
	GlobalSection(ExtensibilityGlobals) = postSolution
		SolutionGuid = {70DEB4CF-18A9-4175-A3A3-BAC1E0AD815E}
	EndGlobalSection
EndGlobal
